
Microsoft Visual Studio Solution File, Format Version 12.00
# Visual Studio Version 17
VisualStudioVersion = 17.3.32825.248
MinimumVisualStudioVersion = 10.0.40219.1
Project("{9A19103F-16F7-4668-BE54-9A1E7A4F7556}") = "DocumentFlowApp", "DocumentFlowApp\DocumentFlowApp.csproj", "{2F72CD6F-20BC-40B9-8DC5-2E87CC90354F}"
EndProject
Project("{9A19103F-16F7-4668-BE54-9A1E7A4F7556}") = "Database", "Database\Database.csproj", "{5FBF0426-F0DB-4984-B178-9CA8F2995876}"
EndProject
Project("{9A19103F-16F7-4668-BE54-9A1E7A4F7556}") = "Core", "Core\Core.csproj", "{B2AE2863-FD9F-4CB9-8CCD-F7B9ED1C08E9}"
EndProject
Global
	GlobalSection(SolutionConfigurationPlatforms) = preSolution
		Debug|Any CPU = Debug|Any CPU
		Release|Any CPU = Release|Any CPU
	EndGlobalSection
	GlobalSection(ProjectConfigurationPlatforms) = postSolution
		{2F72CD6F-20BC-40B9-8DC5-2E87CC90354F}.Debug|Any CPU.ActiveCfg = Debug|Any CPU
		{2F72CD6F-20BC-40B9-8DC5-2E87CC90354F}.Debug|Any CPU.Build.0 = Debug|Any CPU
		{2F72CD6F-20BC-40B9-8DC5-2E87CC90354F}.Release|Any CPU.ActiveCfg = Release|Any CPU
		{2F72CD6F-20BC-40B9-8DC5-2E87CC90354F}.Release|Any CPU.Build.0 = Release|Any CPU
		{5FBF0426-F0DB-4984-B178-9CA8F2995876}.Debug|Any CPU.ActiveCfg = Debug|Any CPU
		{5FBF0426-F0DB-4984-B178-9CA8F2995876}.Debug|Any CPU.Build.0 = Debug|Any CPU
		{5FBF0426-F0DB-4984-B178-9CA8F2995876}.Release|Any CPU.ActiveCfg = Release|Any CPU
		{5FBF0426-F0DB-4984-B178-9CA8F2995876}.Release|Any CPU.Build.0 = Release|Any CPU
		{B2AE2863-FD9F-4CB9-8CCD-F7B9ED1C08E9}.Debug|Any CPU.ActiveCfg = Debug|Any CPU
		{B2AE2863-FD9F-4CB9-8CCD-F7B9ED1C08E9}.Debug|Any CPU.Build.0 = Debug|Any CPU
		{B2AE2863-FD9F-4CB9-8CCD-F7B9ED1C08E9}.Release|Any CPU.ActiveCfg = Release|Any CPU
		{B2AE2863-FD9F-4CB9-8CCD-F7B9ED1C08E9}.Release|Any CPU.Build.0 = Release|Any CPU
	EndGlobalSection
	GlobalSection(SolutionProperties) = preSolution
		HideSolutionNode = FALSE
	EndGlobalSection
	GlobalSection(ExtensibilityGlobals) = postSolution
		SolutionGuid = {C10B5D2E-F556-4BB3-AD9F-65F26986C251}
	EndGlobalSection
EndGlobal
